
Microsoft Visual Studio Solution File, Format Version 12.00
Project("{FAE04EC0-301F-11D3-BF4B-00C04F79EFBC}") = "TimeServer", "TimeServer\TimeServer.csproj", "{F426390A-AEEC-447C-A507-442AA1BF05C7}"
EndProject
Project("{FAE04EC0-301F-11D3-BF4B-00C04F79EFBC}") = "TimeClient", "TimeClient\TimeClient.csproj", "{B2C580AD-56E2-429A-9592-A5642668F159}"
EndProject
Global
	GlobalSection(SolutionConfigurationPlatforms) = preSolution
		Debug|Any CPU = Debug|Any CPU
		Release|Any CPU = Release|Any CPU
	EndGlobalSection
	GlobalSection(ProjectConfigurationPlatforms) = postSolution
		{F426390A-AEEC-447C-A507-442AA1BF05C7}.Debug|Any CPU.ActiveCfg = Debug|Any CPU
		{F426390A-AEEC-447C-A507-442AA1BF05C7}.Debug|Any CPU.Build.0 = Debug|Any CPU
		{F426390A-AEEC-447C-A507-442AA1BF05C7}.Release|Any CPU.ActiveCfg = Release|Any CPU
		{F426390A-AEEC-447C-A507-442AA1BF05C7}.Release|Any CPU.Build.0 = Release|Any CPU
		{B2C580AD-56E2-429A-9592-A5642668F159}.Debug|Any CPU.ActiveCfg = Debug|Any CPU
		{B2C580AD-56E2-429A-9592-A5642668F159}.Debug|Any CPU.Build.0 = Debug|Any CPU
		{B2C580AD-56E2-429A-9592-A5642668F159}.Release|Any CPU.ActiveCfg = Release|Any CPU
		{B2C580AD-56E2-429A-9592-A5642668F159}.Release|Any CPU.Build.0 = Release|Any CPU
	EndGlobalSection
EndGlobal
